
Microsoft Visual Studio Solution File, Format Version 12.00
# Visual Studio 15
VisualStudioVersion = 15.0.26730.16
MinimumVisualStudioVersion = 10.0.40219.1
Project("{FAE04EC0-301F-11D3-BF4B-00C04F79EFBC}") = "LiveChatDemo", "LiveChatDemo\LiveChatDemo.csproj", "{C68AC087-5531-40E9-84C9-B4B6C018962B}"
EndProject
Project("{FAE04EC0-301F-11D3-BF4B-00C04F79EFBC}") = "LiveChatDemo.Models", "LiveChatDemo.Models\LiveChatDemo.Models.csproj", "{EEB6F5AE-C69B-44DE-960E-DEAA7D182E48}"
EndProject
Project("{FAE04EC0-301F-11D3-BF4B-00C04F79EFBC}") = "LiveChatDemo.Database", "LiveChatDemo.Database\LiveChatDemo.Database.csproj", "{2876DAB7-1CDC-4F48-B61C-82A2DDA09804}"
EndProject
Project("{FAE04EC0-301F-11D3-BF4B-00C04F79EFBC}") = "LiveChatDemo.Services", "LiveChatDemo.Services\LiveChatDemo.Services.csproj", "{5FD63457-94BC-4E42-959E-CD22B2F32A0F}"
EndProject
Global
	GlobalSection(SolutionConfigurationPlatforms) = preSolution
		Debug|Any CPU = Debug|Any CPU
		Release|Any CPU = Release|Any CPU
	EndGlobalSection
	GlobalSection(ProjectConfigurationPlatforms) = postSolution
		{C68AC087-5531-40E9-84C9-B4B6C018962B}.Debug|Any CPU.ActiveCfg = Debug|Any CPU
		{C68AC087-5531-40E9-84C9-B4B6C018962B}.Debug|Any CPU.Build.0 = Debug|Any CPU
		{C68AC087-5531-40E9-84C9-B4B6C018962B}.Release|Any CPU.ActiveCfg = Release|Any CPU
		{C68AC087-5531-40E9-84C9-B4B6C018962B}.Release|Any CPU.Build.0 = Release|Any CPU
		{EEB6F5AE-C69B-44DE-960E-DEAA7D182E48}.Debug|Any CPU.ActiveCfg = Debug|Any CPU
		{EEB6F5AE-C69B-44DE-960E-DEAA7D182E48}.Debug|Any CPU.Build.0 = Debug|Any CPU
		{EEB6F5AE-C69B-44DE-960E-DEAA7D182E48}.Release|Any CPU.ActiveCfg = Release|Any CPU
		{EEB6F5AE-C69B-44DE-960E-DEAA7D182E48}.Release|Any CPU.Build.0 = Release|Any CPU
		{2876DAB7-1CDC-4F48-B61C-82A2DDA09804}.Debug|Any CPU.ActiveCfg = Debug|Any CPU
		{2876DAB7-1CDC-4F48-B61C-82A2DDA09804}.Debug|Any CPU.Build.0 = Debug|Any CPU
		{2876DAB7-1CDC-4F48-B61C-82A2DDA09804}.Release|Any CPU.ActiveCfg = Release|Any CPU
		{2876DAB7-1CDC-4F48-B61C-82A2DDA09804}.Release|Any CPU.Build.0 = Release|Any CPU
		{5FD63457-94BC-4E42-959E-CD22B2F32A0F}.Debug|Any CPU.ActiveCfg = Debug|Any CPU
		{5FD63457-94BC-4E42-959E-CD22B2F32A0F}.Debug|Any CPU.Build.0 = Debug|Any CPU
		{5FD63457-94BC-4E42-959E-CD22B2F32A0F}.Release|Any CPU.ActiveCfg = Release|Any CPU
		{5FD63457-94BC-4E42-959E-CD22B2F32A0F}.Release|Any CPU.Build.0 = Release|Any CPU
	EndGlobalSection
	GlobalSection(SolutionProperties) = preSolution
		HideSolutionNode = FALSE
	EndGlobalSection
	GlobalSection(ExtensibilityGlobals) = postSolution
		SolutionGuid = {3B446151-BAC9-4DF4-83ED-E806E1625788}
	EndGlobalSection
EndGlobal
