
Microsoft Visual Studio Solution File, Format Version 12.00
# Visual Studio 15
VisualStudioVersion = 15.0.27703.2018
MinimumVisualStudioVersion = 10.0.40219.1
Project("{9A19103F-16F7-4668-BE54-9A1E7A4F7556}") = "WebApplication1", "WebApplication1\WebApplication1.csproj", "{DFE48D83-2276-40B6-8DA0-EEC397738D90}"
EndProject
Project("{9A19103F-16F7-4668-BE54-9A1E7A4F7556}") = "WebApplication1.Data", "WebApplication1.Data\WebApplication1.Data.csproj", "{19615891-3D65-4A94-B8EF-E6EE98D83D93}"
EndProject
Project("{FAE04EC0-301F-11D3-BF4B-00C04F79EFBC}") = "WebApplication1.Models", "WebApplication1.Models\WebApplication1.Models.csproj", "{DE33540A-8CC8-47B8-945D-A50E90F85481}"
EndProject
Global
	GlobalSection(SolutionConfigurationPlatforms) = preSolution
		Debug|Any CPU = Debug|Any CPU
		Release|Any CPU = Release|Any CPU
	EndGlobalSection
	GlobalSection(ProjectConfigurationPlatforms) = postSolution
		{DFE48D83-2276-40B6-8DA0-EEC397738D90}.Debug|Any CPU.ActiveCfg = Debug|Any CPU
		{DFE48D83-2276-40B6-8DA0-EEC397738D90}.Debug|Any CPU.Build.0 = Debug|Any CPU
		{DFE48D83-2276-40B6-8DA0-EEC397738D90}.Release|Any CPU.ActiveCfg = Release|Any CPU
		{DFE48D83-2276-40B6-8DA0-EEC397738D90}.Release|Any CPU.Build.0 = Release|Any CPU
		{19615891-3D65-4A94-B8EF-E6EE98D83D93}.Debug|Any CPU.ActiveCfg = Debug|Any CPU
		{19615891-3D65-4A94-B8EF-E6EE98D83D93}.Debug|Any CPU.Build.0 = Debug|Any CPU
		{19615891-3D65-4A94-B8EF-E6EE98D83D93}.Release|Any CPU.ActiveCfg = Release|Any CPU
		{19615891-3D65-4A94-B8EF-E6EE98D83D93}.Release|Any CPU.Build.0 = Release|Any CPU
		{DE33540A-8CC8-47B8-945D-A50E90F85481}.Debug|Any CPU.ActiveCfg = Debug|Any CPU
		{DE33540A-8CC8-47B8-945D-A50E90F85481}.Debug|Any CPU.Build.0 = Debug|Any CPU
		{DE33540A-8CC8-47B8-945D-A50E90F85481}.Release|Any CPU.ActiveCfg = Release|Any CPU
		{DE33540A-8CC8-47B8-945D-A50E90F85481}.Release|Any CPU.Build.0 = Release|Any CPU
	EndGlobalSection
	GlobalSection(SolutionProperties) = preSolution
		HideSolutionNode = FALSE
	EndGlobalSection
	GlobalSection(ExtensibilityGlobals) = postSolution
		SolutionGuid = {0C69DC25-08D9-4BB7-8653-C9AB0F6AE86A}
	EndGlobalSection
EndGlobal
